
Microsoft Visual Studio Solution File, Format Version 12.00
# Visual Studio 14
VisualStudioVersion = 14.0.25420.1
MinimumVisualStudioVersion = 10.0.40219.1
Project("{FAE04EC0-301F-11D3-BF4B-00C04F79EFBC}") = "CMS", "CMS\CMS\CMS.csproj", "{5BD78C62-9303-488A-90E0-C571C129F2D9}"
EndProject
Project("{FAE04EC0-301F-11D3-BF4B-00C04F79EFBC}") = "CMS.Droid", "CMS\CMS.Droid\CMS.Droid.csproj", "{478C31B2-A3E9-42AC-8F2A-71F226603B9C}"
EndProject
Project("{FAE04EC0-301F-11D3-BF4B-00C04F79EFBC}") = "CMS.iOS", "CMS\CMS.iOS\CMS.iOS.csproj", "{3E86687C-6FFB-4E44-9BF2-8C9F6B008DF4}"
EndProject
Project("{FAE04EC0-301F-11D3-BF4B-00C04F79EFBC}") = "CMS.WinPhone", "CMS\CMS.WinPhone\CMS.WinPhone.csproj", "{04DACEF7-D376-4E20-A39C-324E4200058A}"
EndProject
Project("{FAE04EC0-301F-11D3-BF4B-00C04F79EFBC}") = "CMS.UWP", "CMS\CMS.UWP\CMS.UWP.csproj", "{89759337-7539-4203-8353-F3711F49C1BC}"
EndProject
Project("{FAE04EC0-301F-11D3-BF4B-00C04F79EFBC}") = "CMS.Windows", "CMS\CMS.Windows\CMS.Windows.csproj", "{819947F4-4696-4B9C-BCE2-B4CAAC7C34B0}"
EndProject
Global
	GlobalSection(SolutionConfigurationPlatforms) = preSolution
		Ad-Hoc|Any CPU = Ad-Hoc|Any CPU
		Ad-Hoc|ARM = Ad-Hoc|ARM
		Ad-Hoc|iPhone = Ad-Hoc|iPhone
		Ad-Hoc|iPhoneSimulator = Ad-Hoc|iPhoneSimulator
		Ad-Hoc|x64 = Ad-Hoc|x64
		Ad-Hoc|x86 = Ad-Hoc|x86
		AppStore|Any CPU = AppStore|Any CPU
		AppStore|ARM = AppStore|ARM
		AppStore|iPhone = AppStore|iPhone
		AppStore|iPhoneSimulator = AppStore|iPhoneSimulator
		AppStore|x64 = AppStore|x64
		AppStore|x86 = AppStore|x86
		Debug|Any CPU = Debug|Any CPU
		Debug|ARM = Debug|ARM
		Debug|iPhone = Debug|iPhone
		Debug|iPhoneSimulator = Debug|iPhoneSimulator
		Debug|x64 = Debug|x64
		Debug|x86 = Debug|x86
		Release|Any CPU = Release|Any CPU
		Release|ARM = Release|ARM
		Release|iPhone = Release|iPhone
		Release|iPhoneSimulator = Release|iPhoneSimulator
		Release|x64 = Release|x64
		Release|x86 = Release|x86
	EndGlobalSection
	GlobalSection(ProjectConfigurationPlatforms) = postSolution
		{5BD78C62-9303-488A-90E0-C571C129F2D9}.Ad-Hoc|Any CPU.ActiveCfg = Release|Any CPU
		{5BD78C62-9303-488A-90E0-C571C129F2D9}.Ad-Hoc|Any CPU.Build.0 = Release|Any CPU
		{5BD78C62-9303-488A-90E0-C571C129F2D9}.Ad-Hoc|ARM.ActiveCfg = Release|Any CPU
		{5BD78C62-9303-488A-90E0-C571C129F2D9}.Ad-Hoc|ARM.Build.0 = Release|Any CPU
		{5BD78C62-9303-488A-90E0-C571C129F2D9}.Ad-Hoc|iPhone.ActiveCfg = Release|Any CPU
		{5BD78C62-9303-488A-90E0-C571C129F2D9}.Ad-Hoc|iPhone.Build.0 = Release|Any CPU
		{5BD78C62-9303-488A-90E0-C571C129F2D9}.Ad-Hoc|iPhoneSimulator.ActiveCfg = Release|Any CPU
		{5BD78C62-9303-488A-90E0-C571C129F2D9}.Ad-Hoc|iPhoneSimulator.Build.0 = Release|Any CPU
		{5BD78C62-9303-488A-90E0-C571C129F2D9}.Ad-Hoc|x64.ActiveCfg = Release|Any CPU
		{5BD78C62-9303-488A-90E0-C571C129F2D9}.Ad-Hoc|x64.Build.0 = Release|Any CPU
		{5BD78C62-9303-488A-90E0-C571C129F2D9}.Ad-Hoc|x86.ActiveCfg = Release|Any CPU
		{5BD78C62-9303-488A-90E0-C571C129F2D9}.Ad-Hoc|x86.Build.0 = Release|Any CPU
		{5BD78C62-9303-488A-90E0-C571C129F2D9}.AppStore|Any CPU.ActiveCfg = Release|Any CPU
		{5BD78C62-9303-488A-90E0-C571C129F2D9}.AppStore|Any CPU.Build.0 = Release|Any CPU
		{5BD78C62-9303-488A-90E0-C571C129F2D9}.AppStore|ARM.ActiveCfg = Release|Any CPU
		{5BD78C62-9303-488A-90E0-C571C129F2D9}.AppStore|ARM.Build.0 = Release|Any CPU
		{5BD78C62-9303-488A-90E0-C571C129F2D9}.AppStore|iPhone.ActiveCfg = Release|Any CPU
		{5BD78C62-9303-488A-90E0-C571C129F2D9}.AppStore|iPhone.Build.0 = Release|Any CPU
		{5BD78C62-9303-488A-90E0-C571C129F2D9}.AppStore|iPhoneSimulator.ActiveCfg = Release|Any CPU
		{5BD78C62-9303-488A-90E0-C571C129F2D9}.AppStore|iPhoneSimulator.Build.0 = Release|Any CPU
		{5BD78C62-9303-488A-90E0-C571C129F2D9}.AppStore|x64.ActiveCfg = Release|Any CPU
		{5BD78C62-9303-488A-90E0-C571C129F2D9}.AppStore|x64.Build.0 = Release|Any CPU
		{5BD78C62-9303-488A-90E0-C571C129F2D9}.AppStore|x86.ActiveCfg = Release|Any CPU
		{5BD78C62-9303-488A-90E0-C571C129F2D9}.AppStore|x86.Build.0 = Release|Any CPU
		{5BD78C62-9303-488A-90E0-C571C129F2D9}.Debug|Any CPU.ActiveCfg = Debug|Any CPU
		{5BD78C62-9303-488A-90E0-C571C129F2D9}.Debug|Any CPU.Build.0 = Debug|Any CPU
		{5BD78C62-9303-488A-90E0-C571C129F2D9}.Debug|ARM.ActiveCfg = Debug|Any CPU
		{5BD78C62-9303-488A-90E0-C571C129F2D9}.Debug|ARM.Build.0 = Debug|Any CPU
		{5BD78C62-9303-488A-90E0-C571C129F2D9}.Debug|iPhone.ActiveCfg = Debug|Any CPU
		{5BD78C62-9303-488A-90E0-C571C129F2D9}.Debug|iPhone.Build.0 = Debug|Any CPU
		{5BD78C62-9303-488A-90E0-C571C129F2D9}.Debug|iPhoneSimulator.ActiveCfg = Debug|Any CPU
		{5BD78C62-9303-488A-90E0-C571C129F2D9}.Debug|iPhoneSimulator.Build.0 = Debug|Any CPU
		{5BD78C62-9303-488A-90E0-C571C129F2D9}.Debug|x64.ActiveCfg = Debug|Any CPU
		{5BD78C62-9303-488A-90E0-C571C129F2D9}.Debug|x64.Build.0 = Debug|Any CPU
		{5BD78C62-9303-488A-90E0-C571C129F2D9}.Debug|x86.ActiveCfg = Debug|Any CPU
		{5BD78C62-9303-488A-90E0-C571C129F2D9}.Debug|x86.Build.0 = Debug|Any CPU
		{5BD78C62-9303-488A-90E0-C571C129F2D9}.Release|Any CPU.ActiveCfg = Release|Any CPU
		{5BD78C62-9303-488A-90E0-C571C129F2D9}.Release|Any CPU.Build.0 = Release|Any CPU
		{5BD78C62-9303-488A-90E0-C571C129F2D9}.Release|ARM.ActiveCfg = Release|Any CPU
		{5BD78C62-9303-488A-90E0-C571C129F2D9}.Release|ARM.Build.0 = Release|Any CPU
		{5BD78C62-9303-488A-90E0-C571C129F2D9}.Release|iPhone.ActiveCfg = Release|Any CPU
		{5BD78C62-9303-488A-90E0-C571C129F2D9}.Release|iPhone.Build.0 = Release|Any CPU
		{5BD78C62-9303-488A-90E0-C571C129F2D9}.Release|iPhoneSimulator.ActiveCfg = Release|Any CPU
		{5BD78C62-9303-488A-90E0-C571C129F2D9}.Release|iPhoneSimulator.Build.0 = Release|Any CPU
		{5BD78C62-9303-488A-90E0-C571C129F2D9}.Release|x64.ActiveCfg = Release|Any CPU
		{5BD78C62-9303-488A-90E0-C571C129F2D9}.Release|x64.Build.0 = Release|Any CPU
		{5BD78C62-9303-488A-90E0-C571C129F2D9}.Release|x86.ActiveCfg = Release|Any CPU
		{5BD78C62-9303-488A-90E0-C571C129F2D9}.Release|x86.Build.0 = Release|Any CPU
		{478C31B2-A3E9-42AC-8F2A-71F226603B9C}.Ad-Hoc|Any CPU.ActiveCfg = Release|Any CPU
		{478C31B2-A3E9-42AC-8F2A-71F226603B9C}.Ad-Hoc|Any CPU.Build.0 = Release|Any CPU
		{478C31B2-A3E9-42AC-8F2A-71F226603B9C}.Ad-Hoc|Any CPU.Deploy.0 = Release|Any CPU
		{478C31B2-A3E9-42AC-8F2A-71F226603B9C}.Ad-Hoc|ARM.ActiveCfg = Release|Any CPU
		{478C31B2-A3E9-42AC-8F2A-71F226603B9C}.Ad-Hoc|ARM.Build.0 = Release|Any CPU
		{478C31B2-A3E9-42AC-8F2A-71F226603B9C}.Ad-Hoc|ARM.Deploy.0 = Release|Any CPU
		{478C31B2-A3E9-42AC-8F2A-71F226603B9C}.Ad-Hoc|iPhone.ActiveCfg = Release|Any CPU
		{478C31B2-A3E9-42AC-8F2A-71F226603B9C}.Ad-Hoc|iPhone.Build.0 = Release|Any CPU
		{478C31B2-A3E9-42AC-8F2A-71F226603B9C}.Ad-Hoc|iPhone.Deploy.0 = Release|Any CPU
		{478C31B2-A3E9-42AC-8F2A-71F226603B9C}.Ad-Hoc|iPhoneSimulator.ActiveCfg = Release|Any CPU
		{478C31B2-A3E9-42AC-8F2A-71F226603B9C}.Ad-Hoc|iPhoneSimulator.Build.0 = Release|Any CPU
		{478C31B2-A3E9-42AC-8F2A-71F226603B9C}.Ad-Hoc|iPhoneSimulator.Deploy.0 = Release|Any CPU
		{478C31B2-A3E9-42AC-8F2A-71F226603B9C}.Ad-Hoc|x64.ActiveCfg = Release|Any CPU
		{478C31B2-A3E9-42AC-8F2A-71F226603B9C}.Ad-Hoc|x64.Build.0 = Release|Any CPU
		{478C31B2-A3E9-42AC-8F2A-71F226603B9C}.Ad-Hoc|x64.Deploy.0 = Release|Any CPU
		{478C31B2-A3E9-42AC-8F2A-71F226603B9C}.Ad-Hoc|x86.ActiveCfg = Release|Any CPU
		{478C31B2-A3E9-42AC-8F2A-71F226603B9C}.Ad-Hoc|x86.Build.0 = Release|Any CPU
		{478C31B2-A3E9-42AC-8F2A-71F226603B9C}.Ad-Hoc|x86.Deploy.0 = Release|Any CPU
		{478C31B2-A3E9-42AC-8F2A-71F226603B9C}.AppStore|Any CPU.ActiveCfg = Release|Any CPU
		{478C31B2-A3E9-42AC-8F2A-71F226603B9C}.AppStore|Any CPU.Build.0 = Release|Any CPU
		{478C31B2-A3E9-42AC-8F2A-71F226603B9C}.AppStore|Any CPU.Deploy.0 = Release|Any CPU
		{478C31B2-A3E9-42AC-8F2A-71F226603B9C}.AppStore|ARM.ActiveCfg = Release|Any CPU
		{478C31B2-A3E9-42AC-8F2A-71F226603B9C}.AppStore|ARM.Build.0 = Release|Any CPU
		{478C31B2-A3E9-42AC-8F2A-71F226603B9C}.AppStore|ARM.Deploy.0 = Release|Any CPU
		{478C31B2-A3E9-42AC-8F2A-71F226603B9C}.AppStore|iPhone.ActiveCfg = Release|Any CPU
		{478C31B2-A3E9-42AC-8F2A-71F226603B9C}.AppStore|iPhone.Build.0 = Release|Any CPU
		{478C31B2-A3E9-42AC-8F2A-71F226603B9C}.AppStore|iPhone.Deploy.0 = Release|Any CPU
		{478C31B2-A3E9-42AC-8F2A-71F226603B9C}.AppStore|iPhoneSimulator.ActiveCfg = Release|Any CPU
		{478C31B2-A3E9-42AC-8F2A-71F226603B9C}.AppStore|iPhoneSimulator.Build.0 = Release|Any CPU
		{478C31B2-A3E9-42AC-8F2A-71F226603B9C}.AppStore|iPhoneSimulator.Deploy.0 = Release|Any CPU
		{478C31B2-A3E9-42AC-8F2A-71F226603B9C}.AppStore|x64.ActiveCfg = Release|Any CPU
		{478C31B2-A3E9-42AC-8F2A-71F226603B9C}.AppStore|x64.Build.0 = Release|Any CPU
		{478C31B2-A3E9-42AC-8F2A-71F226603B9C}.AppStore|x64.Deploy.0 = Release|Any CPU
		{478C31B2-A3E9-42AC-8F2A-71F226603B9C}.AppStore|x86.ActiveCfg = Release|Any CPU
		{478C31B2-A3E9-42AC-8F2A-71F226603B9C}.AppStore|x86.Build.0 = Release|Any CPU
		{478C31B2-A3E9-42AC-8F2A-71F226603B9C}.AppStore|x86.Deploy.0 = Release|Any CPU
		{478C31B2-A3E9-42AC-8F2A-71F226603B9C}.Debug|Any CPU.ActiveCfg = Debug|Any CPU
		{478C31B2-A3E9-42AC-8F2A-71F226603B9C}.Debug|Any CPU.Build.0 = Debug|Any CPU
		{478C31B2-A3E9-42AC-8F2A-71F226603B9C}.Debug|Any CPU.Deploy.0 = Debug|Any CPU
		{478C31B2-A3E9-42AC-8F2A-71F226603B9C}.Debug|ARM.ActiveCfg = Debug|Any CPU
		{478C31B2-A3E9-42AC-8F2A-71F226603B9C}.Debug|ARM.Build.0 = Debug|Any CPU
		{478C31B2-A3E9-42AC-8F2A-71F226603B9C}.Debug|ARM.Deploy.0 = Debug|Any CPU
		{478C31B2-A3E9-42AC-8F2A-71F226603B9C}.Debug|iPhone.ActiveCfg = Debug|Any CPU
		{478C31B2-A3E9-42AC-8F2A-71F226603B9C}.Debug|iPhone.Build.0 = Debug|Any CPU
		{478C31B2-A3E9-42AC-8F2A-71F226603B9C}.Debug|iPhone.Deploy.0 = Debug|Any CPU
		{478C31B2-A3E9-42AC-8F2A-71F226603B9C}.Debug|iPhoneSimulator.ActiveCfg = Debug|Any CPU
		{478C31B2-A3E9-42AC-8F2A-71F226603B9C}.Debug|iPhoneSimulator.Build.0 = Debug|Any CPU
		{478C31B2-A3E9-42AC-8F2A-71F226603B9C}.Debug|iPhoneSimulator.Deploy.0 = Debug|Any CPU
		{478C31B2-A3E9-42AC-8F2A-71F226603B9C}.Debug|x64.ActiveCfg = Debug|Any CPU
		{478C31B2-A3E9-42AC-8F2A-71F226603B9C}.Debug|x64.Build.0 = Debug|Any CPU
		{478C31B2-A3E9-42AC-8F2A-71F226603B9C}.Debug|x64.Deploy.0 = Debug|Any CPU
		{478C31B2-A3E9-42AC-8F2A-71F226603B9C}.Debug|x86.ActiveCfg = Debug|Any CPU
		{478C31B2-A3E9-42AC-8F2A-71F226603B9C}.Debug|x86.Build.0 = Debug|Any CPU
		{478C31B2-A3E9-42AC-8F2A-71F226603B9C}.Debug|x86.Deploy.0 = Debug|Any CPU
		{478C31B2-A3E9-42AC-8F2A-71F226603B9C}.Release|Any CPU.ActiveCfg = Release|Any CPU
		{478C31B2-A3E9-42AC-8F2A-71F226603B9C}.Release|Any CPU.Build.0 = Release|Any CPU
		{478C31B2-A3E9-42AC-8F2A-71F226603B9C}.Release|Any CPU.Deploy.0 = Release|Any CPU
		{478C31B2-A3E9-42AC-8F2A-71F226603B9C}.Release|ARM.ActiveCfg = Release|Any CPU
		{478C31B2-A3E9-42AC-8F2A-71F226603B9C}.Release|ARM.Build.0 = Release|Any CPU
		{478C31B2-A3E9-42AC-8F2A-71F226603B9C}.Release|ARM.Deploy.0 = Release|Any CPU
		{478C31B2-A3E9-42AC-8F2A-71F226603B9C}.Release|iPhone.ActiveCfg = Release|Any CPU
		{478C31B2-A3E9-42AC-8F2A-71F226603B9C}.Release|iPhone.Build.0 = Release|Any CPU
		{478C31B2-A3E9-42AC-8F2A-71F226603B9C}.Release|iPhone.Deploy.0 = Release|Any CPU
		{478C31B2-A3E9-42AC-8F2A-71F226603B9C}.Release|iPhoneSimulator.ActiveCfg = Release|Any CPU
		{478C31B2-A3E9-42AC-8F2A-71F226603B9C}.Release|iPhoneSimulator.Build.0 = Release|Any CPU
		{478C31B2-A3E9-42AC-8F2A-71F226603B9C}.Release|iPhoneSimulator.Deploy.0 = Release|Any CPU
		{478C31B2-A3E9-42AC-8F2A-71F226603B9C}.Release|x64.ActiveCfg = Release|Any CPU
		{478C31B2-A3E9-42AC-8F2A-71F226603B9C}.Release|x64.Build.0 = Release|Any CPU
		{478C31B2-A3E9-42AC-8F2A-71F226603B9C}.Release|x64.Deploy.0 = Release|Any CPU
		{478C31B2-A3E9-42AC-8F2A-71F226603B9C}.Release|x86.ActiveCfg = Release|Any CPU
		{478C31B2-A3E9-42AC-8F2A-71F226603B9C}.Release|x86.Build.0 = Release|Any CPU
		{478C31B2-A3E9-42AC-8F2A-71F226603B9C}.Release|x86.Deploy.0 = Release|Any CPU
		{3E86687C-6FFB-4E44-9BF2-8C9F6B008DF4}.Ad-Hoc|Any CPU.ActiveCfg = Ad-Hoc|iPhone
		{3E86687C-6FFB-4E44-9BF2-8C9F6B008DF4}.Ad-Hoc|ARM.ActiveCfg = Ad-Hoc|iPhone
		{3E86687C-6FFB-4E44-9BF2-8C9F6B008DF4}.Ad-Hoc|iPhone.ActiveCfg = Ad-Hoc|iPhone
		{3E86687C-6FFB-4E44-9BF2-8C9F6B008DF4}.Ad-Hoc|iPhone.Build.0 = Ad-Hoc|iPhone
		{3E86687C-6FFB-4E44-9BF2-8C9F6B008DF4}.Ad-Hoc|iPhoneSimulator.ActiveCfg = Ad-Hoc|iPhoneSimulator
		{3E86687C-6FFB-4E44-9BF2-8C9F6B008DF4}.Ad-Hoc|iPhoneSimulator.Build.0 = Ad-Hoc|iPhoneSimulator
		{3E86687C-6FFB-4E44-9BF2-8C9F6B008DF4}.Ad-Hoc|x64.ActiveCfg = Ad-Hoc|iPhone
		{3E86687C-6FFB-4E44-9BF2-8C9F6B008DF4}.Ad-Hoc|x86.ActiveCfg = Ad-Hoc|iPhone
		{3E86687C-6FFB-4E44-9BF2-8C9F6B008DF4}.AppStore|Any CPU.ActiveCfg = AppStore|iPhone
		{3E86687C-6FFB-4E44-9BF2-8C9F6B008DF4}.AppStore|ARM.ActiveCfg = AppStore|iPhone
		{3E86687C-6FFB-4E44-9BF2-8C9F6B008DF4}.AppStore|iPhone.ActiveCfg = AppStore|iPhone
		{3E86687C-6FFB-4E44-9BF2-8C9F6B008DF4}.AppStore|iPhone.Build.0 = AppStore|iPhone
		{3E86687C-6FFB-4E44-9BF2-8C9F6B008DF4}.AppStore|iPhoneSimulator.ActiveCfg = AppStore|iPhoneSimulator
		{3E86687C-6FFB-4E44-9BF2-8C9F6B008DF4}.AppStore|iPhoneSimulator.Build.0 = AppStore|iPhoneSimulator
		{3E86687C-6FFB-4E44-9BF2-8C9F6B008DF4}.AppStore|x64.ActiveCfg = AppStore|iPhone
		{3E86687C-6FFB-4E44-9BF2-8C9F6B008DF4}.AppStore|x86.ActiveCfg = AppStore|iPhone
		{3E86687C-6FFB-4E44-9BF2-8C9F6B008DF4}.Debug|Any CPU.ActiveCfg = Debug|iPhone
		{3E86687C-6FFB-4E44-9BF2-8C9F6B008DF4}.Debug|ARM.ActiveCfg = Debug|iPhone
		{3E86687C-6FFB-4E44-9BF2-8C9F6B008DF4}.Debug|iPhone.ActiveCfg = Debug|iPhone
		{3E86687C-6FFB-4E44-9BF2-8C9F6B008DF4}.Debug|iPhone.Build.0 = Debug|iPhone
		{3E86687C-6FFB-4E44-9BF2-8C9F6B008DF4}.Debug|iPhoneSimulator.ActiveCfg = Debug|iPhoneSimulator
		{3E86687C-6FFB-4E44-9BF2-8C9F6B008DF4}.Debug|iPhoneSimulator.Build.0 = Debug|iPhoneSimulator
		{3E86687C-6FFB-4E44-9BF2-8C9F6B008DF4}.Debug|x64.ActiveCfg = Debug|iPhone
		{3E86687C-6FFB-4E44-9BF2-8C9F6B008DF4}.Debug|x86.ActiveCfg = Debug|iPhone
		{3E86687C-6FFB-4E44-9BF2-8C9F6B008DF4}.Release|Any CPU.ActiveCfg = Release|iPhone
		{3E86687C-6FFB-4E44-9BF2-8C9F6B008DF4}.Release|ARM.ActiveCfg = Release|iPhone
		{3E86687C-6FFB-4E44-9BF2-8C9F6B008DF4}.Release|iPhone.ActiveCfg = Release|iPhone
		{3E86687C-6FFB-4E44-9BF2-8C9F6B008DF4}.Release|iPhone.Build.0 = Release|iPhone
		{3E86687C-6FFB-4E44-9BF2-8C9F6B008DF4}.Release|iPhoneSimulator.ActiveCfg = Release|iPhoneSimulator
		{3E86687C-6FFB-4E44-9BF2-8C9F6B008DF4}.Release|iPhoneSimulator.Build.0 = Release|iPhoneSimulator
		{3E86687C-6FFB-4E44-9BF2-8C9F6B008DF4}.Release|x64.ActiveCfg = Release|iPhone
		{3E86687C-6FFB-4E44-9BF2-8C9F6B008DF4}.Release|x86.ActiveCfg = Release|iPhone
		{04DACEF7-D376-4E20-A39C-324E4200058A}.Ad-Hoc|Any CPU.ActiveCfg = Release|Any CPU
		{04DACEF7-D376-4E20-A39C-324E4200058A}.Ad-Hoc|Any CPU.Build.0 = Release|Any CPU
		{04DACEF7-D376-4E20-A39C-324E4200058A}.Ad-Hoc|Any CPU.Deploy.0 = Release|Any CPU
		{04DACEF7-D376-4E20-A39C-324E4200058A}.Ad-Hoc|ARM.ActiveCfg = Release|ARM
		{04DACEF7-D376-4E20-A39C-324E4200058A}.Ad-Hoc|ARM.Build.0 = Release|ARM
		{04DACEF7-D376-4E20-A39C-324E4200058A}.Ad-Hoc|ARM.Deploy.0 = Release|ARM
		{04DACEF7-D376-4E20-A39C-324E4200058A}.Ad-Hoc|iPhone.ActiveCfg = Release|Any CPU
		{04DACEF7-D376-4E20-A39C-324E4200058A}.Ad-Hoc|iPhone.Build.0 = Release|Any CPU
		{04DACEF7-D376-4E20-A39C-324E4200058A}.Ad-Hoc|iPhone.Deploy.0 = Release|Any CPU
		{04DACEF7-D376-4E20-A39C-324E4200058A}.Ad-Hoc|iPhoneSimulator.ActiveCfg = Release|Any CPU
		{04DACEF7-D376-4E20-A39C-324E4200058A}.Ad-Hoc|iPhoneSimulator.Build.0 = Release|Any CPU
		{04DACEF7-D376-4E20-A39C-324E4200058A}.Ad-Hoc|iPhoneSimulator.Deploy.0 = Release|Any CPU
		{04DACEF7-D376-4E20-A39C-324E4200058A}.Ad-Hoc|x64.ActiveCfg = Release|Any CPU
		{04DACEF7-D376-4E20-A39C-324E4200058A}.Ad-Hoc|x64.Build.0 = Release|Any CPU
		{04DACEF7-D376-4E20-A39C-324E4200058A}.Ad-Hoc|x64.Deploy.0 = Release|Any CPU
		{04DACEF7-D376-4E20-A39C-324E4200058A}.Ad-Hoc|x86.ActiveCfg = Release|x86
		{04DACEF7-D376-4E20-A39C-324E4200058A}.Ad-Hoc|x86.Build.0 = Release|x86
		{04DACEF7-D376-4E20-A39C-324E4200058A}.Ad-Hoc|x86.Deploy.0 = Release|x86
		{04DACEF7-D376-4E20-A39C-324E4200058A}.AppStore|Any CPU.ActiveCfg = Release|Any CPU
		{04DACEF7-D376-4E20-A39C-324E4200058A}.AppStore|Any CPU.Build.0 = Release|Any CPU
		{04DACEF7-D376-4E20-A39C-324E4200058A}.AppStore|Any CPU.Deploy.0 = Release|Any CPU
		{04DACEF7-D376-4E20-A39C-324E4200058A}.AppStore|ARM.ActiveCfg = Release|ARM
		{04DACEF7-D376-4E20-A39C-324E4200058A}.AppStore|ARM.Build.0 = Release|ARM
		{04DACEF7-D376-4E20-A39C-324E4200058A}.AppStore|ARM.Deploy.0 = Release|ARM
		{04DACEF7-D376-4E20-A39C-324E4200058A}.AppStore|iPhone.ActiveCfg = Release|Any CPU
		{04DACEF7-D376-4E20-A39C-324E4200058A}.AppStore|iPhone.Build.0 = Release|Any CPU
		{04DACEF7-D376-4E20-A39C-324E4200058A}.AppStore|iPhone.Deploy.0 = Release|Any CPU
		{04DACEF7-D376-4E20-A39C-324E4200058A}.AppStore|iPhoneSimulator.ActiveCfg = Release|Any CPU
		{04DACEF7-D376-4E20-A39C-324E4200058A}.AppStore|iPhoneSimulator.Build.0 = Release|Any CPU
		{04DACEF7-D376-4E20-A39C-324E4200058A}.AppStore|iPhoneSimulator.Deploy.0 = Release|Any CPU
		{04DACEF7-D376-4E20-A39C-324E4200058A}.AppStore|x64.ActiveCfg = Release|Any CPU
		{04DACEF7-D376-4E20-A39C-324E4200058A}.AppStore|x64.Build.0 = Release|Any CPU
		{04DACEF7-D376-4E20-A39C-324E4200058A}.AppStore|x64.Deploy.0 = Release|Any CPU
		{04DACEF7-D376-4E20-A39C-324E4200058A}.AppStore|x86.ActiveCfg = Release|x86
		{04DACEF7-D376-4E20-A39C-324E4200058A}.AppStore|x86.Build.0 = Release|x86
		{04DACEF7-D376-4E20-A39C-324E4200058A}.AppStore|x86.Deploy.0 = Release|x86
		{04DACEF7-D376-4E20-A39C-324E4200058A}.Debug|Any CPU.ActiveCfg = Debug|Any CPU
		{04DACEF7-D376-4E20-A39C-324E4200058A}.Debug|Any CPU.Build.0 = Debug|Any CPU
		{04DACEF7-D376-4E20-A39C-324E4200058A}.Debug|Any CPU.Deploy.0 = Debug|Any CPU
		{04DACEF7-D376-4E20-A39C-324E4200058A}.Debug|ARM.ActiveCfg = Debug|ARM
		{04DACEF7-D376-4E20-A39C-324E4200058A}.Debug|ARM.Build.0 = Debug|ARM
		{04DACEF7-D376-4E20-A39C-324E4200058A}.Debug|ARM.Deploy.0 = Debug|ARM
		{04DACEF7-D376-4E20-A39C-324E4200058A}.Debug|iPhone.ActiveCfg = Debug|Any CPU
		{04DACEF7-D376-4E20-A39C-324E4200058A}.Debug|iPhone.Build.0 = Debug|Any CPU
		{04DACEF7-D376-4E20-A39C-324E4200058A}.Debug|iPhone.Deploy.0 = Debug|Any CPU
		{04DACEF7-D376-4E20-A39C-324E4200058A}.Debug|iPhoneSimulator.ActiveCfg = Debug|Any CPU
		{04DACEF7-D376-4E20-A39C-324E4200058A}.Debug|iPhoneSimulator.Build.0 = Debug|Any CPU
		{04DACEF7-D376-4E20-A39C-324E4200058A}.Debug|iPhoneSimulator.Deploy.0 = Debug|Any CPU
		{04DACEF7-D376-4E20-A39C-324E4200058A}.Debug|x64.ActiveCfg = Debug|Any CPU
		{04DACEF7-D376-4E20-A39C-324E4200058A}.Debug|x64.Build.0 = Debug|Any CPU
		{04DACEF7-D376-4E20-A39C-324E4200058A}.Debug|x64.Deploy.0 = Debug|Any CPU
		{04DACEF7-D376-4E20-A39C-324E4200058A}.Debug|x86.ActiveCfg = Debug|x86
		{04DACEF7-D376-4E20-A39C-324E4200058A}.Debug|x86.Build.0 = Debug|x86
		{04DACEF7-D376-4E20-A39C-324E4200058A}.Debug|x86.Deploy.0 = Debug|x86
		{04DACEF7-D376-4E20-A39C-324E4200058A}.Release|Any CPU.ActiveCfg = Release|Any CPU
		{04DACEF7-D376-4E20-A39C-324E4200058A}.Release|Any CPU.Build.0 = Release|Any CPU
		{04DACEF7-D376-4E20-A39C-324E4200058A}.Release|Any CPU.Deploy.0 = Release|Any CPU
		{04DACEF7-D376-4E20-A39C-324E4200058A}.Release|ARM.ActiveCfg = Release|ARM
		{04DACEF7-D376-4E20-A39C-324E4200058A}.Release|ARM.Build.0 = Release|ARM
		{04DACEF7-D376-4E20-A39C-324E4200058A}.Release|ARM.Deploy.0 = Release|ARM
		{04DACEF7-D376-4E20-A39C-324E4200058A}.Release|iPhone.ActiveCfg = Release|Any CPU
		{04DACEF7-D376-4E20-A39C-324E4200058A}.Release|iPhone.Build.0 = Release|Any CPU
		{04DACEF7-D376-4E20-A39C-324E4200058A}.Release|iPhone.Deploy.0 = Release|Any CPU
		{04DACEF7-D376-4E20-A39C-324E4200058A}.Release|iPhoneSimulator.ActiveCfg = Release|Any CPU
		{04DACEF7-D376-4E20-A39C-324E4200058A}.Release|iPhoneSimulator.Build.0 = Release|Any CPU
		{04DACEF7-D376-4E20-A39C-324E4200058A}.Release|iPhoneSimulator.Deploy.0 = Release|Any CPU
		{04DACEF7-D376-4E20-A39C-324E4200058A}.Release|x64.ActiveCfg = Release|Any CPU
		{04DACEF7-D376-4E20-A39C-324E4200058A}.Release|x64.Build.0 = Release|Any CPU
		{04DACEF7-D376-4E20-A39C-324E4200058A}.Release|x64.Deploy.0 = Release|Any CPU
		{04DACEF7-D376-4E20-A39C-324E4200058A}.Release|x86.ActiveCfg = Release|x86
		{04DACEF7-D376-4E20-A39C-324E4200058A}.Release|x86.Build.0 = Release|x86
		{04DACEF7-D376-4E20-A39C-324E4200058A}.Release|x86.Deploy.0 = Release|x86
		{89759337-7539-4203-8353-F3711F49C1BC}.Ad-Hoc|Any CPU.ActiveCfg = Release|x86
		{89759337-7539-4203-8353-F3711F49C1BC}.Ad-Hoc|Any CPU.Build.0 = Release|x86
		{89759337-7539-4203-8353-F3711F49C1BC}.Ad-Hoc|Any CPU.Deploy.0 = Release|x86
		{89759337-7539-4203-8353-F3711F49C1BC}.Ad-Hoc|ARM.ActiveCfg = Release|ARM
		{89759337-7539-4203-8353-F3711F49C1BC}.Ad-Hoc|ARM.Build.0 = Release|ARM
		{89759337-7539-4203-8353-F3711F49C1BC}.Ad-Hoc|ARM.Deploy.0 = Release|ARM
		{89759337-7539-4203-8353-F3711F49C1BC}.Ad-Hoc|iPhone.ActiveCfg = Release|x86
		{89759337-7539-4203-8353-F3711F49C1BC}.Ad-Hoc|iPhone.Build.0 = Release|x86
		{89759337-7539-4203-8353-F3711F49C1BC}.Ad-Hoc|iPhone.Deploy.0 = Release|x86
		{89759337-7539-4203-8353-F3711F49C1BC}.Ad-Hoc|iPhoneSimulator.ActiveCfg = Release|x86
		{89759337-7539-4203-8353-F3711F49C1BC}.Ad-Hoc|iPhoneSimulator.Build.0 = Release|x86
		{89759337-7539-4203-8353-F3711F49C1BC}.Ad-Hoc|iPhoneSimulator.Deploy.0 = Release|x86
		{89759337-7539-4203-8353-F3711F49C1BC}.Ad-Hoc|x64.ActiveCfg = Release|x64
		{89759337-7539-4203-8353-F3711F49C1BC}.Ad-Hoc|x64.Build.0 = Release|x64
		{89759337-7539-4203-8353-F3711F49C1BC}.Ad-Hoc|x64.Deploy.0 = Release|x64
		{89759337-7539-4203-8353-F3711F49C1BC}.Ad-Hoc|x86.ActiveCfg = Release|x86
		{89759337-7539-4203-8353-F3711F49C1BC}.Ad-Hoc|x86.Build.0 = Release|x86
		{89759337-7539-4203-8353-F3711F49C1BC}.Ad-Hoc|x86.Deploy.0 = Release|x86
		{89759337-7539-4203-8353-F3711F49C1BC}.AppStore|Any CPU.ActiveCfg = Release|x86
		{89759337-7539-4203-8353-F3711F49C1BC}.AppStore|Any CPU.Build.0 = Release|x86
		{89759337-7539-4203-8353-F3711F49C1BC}.AppStore|Any CPU.Deploy.0 = Release|x86
		{89759337-7539-4203-8353-F3711F49C1BC}.AppStore|ARM.ActiveCfg = Release|ARM
		{89759337-7539-4203-8353-F3711F49C1BC}.AppStore|ARM.Build.0 = Release|ARM
		{89759337-7539-4203-8353-F3711F49C1BC}.AppStore|ARM.Deploy.0 = Release|ARM
		{89759337-7539-4203-8353-F3711F49C1BC}.AppStore|iPhone.ActiveCfg = Release|x86
		{89759337-7539-4203-8353-F3711F49C1BC}.AppStore|iPhone.Build.0 = Release|x86
		{89759337-7539-4203-8353-F3711F49C1BC}.AppStore|iPhone.Deploy.0 = Release|x86
		{89759337-7539-4203-8353-F3711F49C1BC}.AppStore|iPhoneSimulator.ActiveCfg = Release|x86
		{89759337-7539-4203-8353-F3711F49C1BC}.AppStore|iPhoneSimulator.Build.0 = Release|x86
		{89759337-7539-4203-8353-F3711F49C1BC}.AppStore|iPhoneSimulator.Deploy.0 = Release|x86
		{89759337-7539-4203-8353-F3711F49C1BC}.AppStore|x64.ActiveCfg = Release|x64
		{89759337-7539-4203-8353-F3711F49C1BC}.AppStore|x64.Build.0 = Release|x64
		{89759337-7539-4203-8353-F3711F49C1BC}.AppStore|x64.Deploy.0 = Release|x64
		{89759337-7539-4203-8353-F3711F49C1BC}.AppStore|x86.ActiveCfg = Release|x86
		{89759337-7539-4203-8353-F3711F49C1BC}.AppStore|x86.Build.0 = Release|x86
		{89759337-7539-4203-8353-F3711F49C1BC}.AppStore|x86.Deploy.0 = Release|x86
		{89759337-7539-4203-8353-F3711F49C1BC}.Debug|Any CPU.ActiveCfg = Debug|x86
		{89759337-7539-4203-8353-F3711F49C1BC}.Debug|Any CPU.Deploy.0 = Debug|x86
		{89759337-7539-4203-8353-F3711F49C1BC}.Debug|ARM.ActiveCfg = Debug|ARM
		{89759337-7539-4203-8353-F3711F49C1BC}.Debug|ARM.Build.0 = Debug|ARM
		{89759337-7539-4203-8353-F3711F49C1BC}.Debug|ARM.Deploy.0 = Debug|ARM
		{89759337-7539-4203-8353-F3711F49C1BC}.Debug|iPhone.ActiveCfg = Debug|x86
		{89759337-7539-4203-8353-F3711F49C1BC}.Debug|iPhoneSimulator.ActiveCfg = Debug|x86
		{89759337-7539-4203-8353-F3711F49C1BC}.Debug|x64.ActiveCfg = Debug|x64
		{89759337-7539-4203-8353-F3711F49C1BC}.Debug|x64.Build.0 = Debug|x64
		{89759337-7539-4203-8353-F3711F49C1BC}.Debug|x64.Deploy.0 = Debug|x64
		{89759337-7539-4203-8353-F3711F49C1BC}.Debug|x86.ActiveCfg = Debug|x86
		{89759337-7539-4203-8353-F3711F49C1BC}.Debug|x86.Build.0 = Debug|x86
		{89759337-7539-4203-8353-F3711F49C1BC}.Debug|x86.Deploy.0 = Debug|x86
		{89759337-7539-4203-8353-F3711F49C1BC}.Release|Any CPU.ActiveCfg = Release|x86
		{89759337-7539-4203-8353-F3711F49C1BC}.Release|ARM.ActiveCfg = Release|ARM
		{89759337-7539-4203-8353-F3711F49C1BC}.Release|ARM.Build.0 = Release|ARM
		{89759337-7539-4203-8353-F3711F49C1BC}.Release|ARM.Deploy.0 = Release|ARM
		{89759337-7539-4203-8353-F3711F49C1BC}.Release|iPhone.ActiveCfg = Release|x86
		{89759337-7539-4203-8353-F3711F49C1BC}.Release|iPhoneSimulator.ActiveCfg = Release|x86
		{89759337-7539-4203-8353-F3711F49C1BC}.Release|x64.ActiveCfg = Release|x64
		{89759337-7539-4203-8353-F3711F49C1BC}.Release|x64.Build.0 = Release|x64
		{89759337-7539-4203-8353-F3711F49C1BC}.Release|x64.Deploy.0 = Release|x64
		{89759337-7539-4203-8353-F3711F49C1BC}.Release|x86.ActiveCfg = Release|x86
		{89759337-7539-4203-8353-F3711F49C1BC}.Release|x86.Build.0 = Release|x86
		{89759337-7539-4203-8353-F3711F49C1BC}.Release|x86.Deploy.0 = Release|x86
		{819947F4-4696-4B9C-BCE2-B4CAAC7C34B0}.Ad-Hoc|Any CPU.ActiveCfg = Release|Any CPU
		{819947F4-4696-4B9C-BCE2-B4CAAC7C34B0}.Ad-Hoc|Any CPU.Build.0 = Release|Any CPU
		{819947F4-4696-4B9C-BCE2-B4CAAC7C34B0}.Ad-Hoc|Any CPU.Deploy.0 = Release|Any CPU
		{819947F4-4696-4B9C-BCE2-B4CAAC7C34B0}.Ad-Hoc|ARM.ActiveCfg = Release|ARM
		{819947F4-4696-4B9C-BCE2-B4CAAC7C34B0}.Ad-Hoc|ARM.Build.0 = Release|ARM
		{819947F4-4696-4B9C-BCE2-B4CAAC7C34B0}.Ad-Hoc|ARM.Deploy.0 = Release|ARM
		{819947F4-4696-4B9C-BCE2-B4CAAC7C34B0}.Ad-Hoc|iPhone.ActiveCfg = Release|Any CPU
		{819947F4-4696-4B9C-BCE2-B4CAAC7C34B0}.Ad-Hoc|iPhone.Build.0 = Release|Any CPU
		{819947F4-4696-4B9C-BCE2-B4CAAC7C34B0}.Ad-Hoc|iPhone.Deploy.0 = Release|Any CPU
		{819947F4-4696-4B9C-BCE2-B4CAAC7C34B0}.Ad-Hoc|iPhoneSimulator.ActiveCfg = Release|Any CPU
		{819947F4-4696-4B9C-BCE2-B4CAAC7C34B0}.Ad-Hoc|iPhoneSimulator.Build.0 = Release|Any CPU
		{819947F4-4696-4B9C-BCE2-B4CAAC7C34B0}.Ad-Hoc|iPhoneSimulator.Deploy.0 = Release|Any CPU
		{819947F4-4696-4B9C-BCE2-B4CAAC7C34B0}.Ad-Hoc|x64.ActiveCfg = Release|x64
		{819947F4-4696-4B9C-BCE2-B4CAAC7C34B0}.Ad-Hoc|x64.Build.0 = Release|x64
		{819947F4-4696-4B9C-BCE2-B4CAAC7C34B0}.Ad-Hoc|x64.Deploy.0 = Release|x64
		{819947F4-4696-4B9C-BCE2-B4CAAC7C34B0}.Ad-Hoc|x86.ActiveCfg = Release|x86
		{819947F4-4696-4B9C-BCE2-B4CAAC7C34B0}.Ad-Hoc|x86.Build.0 = Release|x86
		{819947F4-4696-4B9C-BCE2-B4CAAC7C34B0}.Ad-Hoc|x86.Deploy.0 = Release|x86
		{819947F4-4696-4B9C-BCE2-B4CAAC7C34B0}.AppStore|Any CPU.ActiveCfg = Release|Any CPU
		{819947F4-4696-4B9C-BCE2-B4CAAC7C34B0}.AppStore|Any CPU.Build.0 = Release|Any CPU
		{819947F4-4696-4B9C-BCE2-B4CAAC7C34B0}.AppStore|Any CPU.Deploy.0 = Release|Any CPU
		{819947F4-4696-4B9C-BCE2-B4CAAC7C34B0}.AppStore|ARM.ActiveCfg = Release|ARM
		{819947F4-4696-4B9C-BCE2-B4CAAC7C34B0}.AppStore|ARM.Build.0 = Release|ARM
		{819947F4-4696-4B9C-BCE2-B4CAAC7C34B0}.AppStore|ARM.Deploy.0 = Release|ARM
		{819947F4-4696-4B9C-BCE2-B4CAAC7C34B0}.AppStore|iPhone.ActiveCfg = Release|Any CPU
		{819947F4-4696-4B9C-BCE2-B4CAAC7C34B0}.AppStore|iPhone.Build.0 = Release|Any CPU
		{819947F4-4696-4B9C-BCE2-B4CAAC7C34B0}.AppStore|iPhone.Deploy.0 = Release|Any CPU
		{819947F4-4696-4B9C-BCE2-B4CAAC7C34B0}.AppStore|iPhoneSimulator.ActiveCfg = Release|Any CPU
		{819947F4-4696-4B9C-BCE2-B4CAAC7C34B0}.AppStore|iPhoneSimulator.Build.0 = Release|Any CPU
		{819947F4-4696-4B9C-BCE2-B4CAAC7C34B0}.AppStore|iPhoneSimulator.Deploy.0 = Release|Any CPU
		{819947F4-4696-4B9C-BCE2-B4CAAC7C34B0}.AppStore|x64.ActiveCfg = Release|x64
		{819947F4-4696-4B9C-BCE2-B4CAAC7C34B0}.AppStore|x64.Build.0 = Release|x64
		{819947F4-4696-4B9C-BCE2-B4CAAC7C34B0}.AppStore|x64.Deploy.0 = Release|x64
		{819947F4-4696-4B9C-BCE2-B4CAAC7C34B0}.AppStore|x86.ActiveCfg = Release|x86
		{819947F4-4696-4B9C-BCE2-B4CAAC7C34B0}.AppStore|x86.Build.0 = Release|x86
		{819947F4-4696-4B9C-BCE2-B4CAAC7C34B0}.AppStore|x86.Deploy.0 = Release|x86
		{819947F4-4696-4B9C-BCE2-B4CAAC7C34B0}.Debug|Any CPU.ActiveCfg = Debug|Any CPU
		{819947F4-4696-4B9C-BCE2-B4CAAC7C34B0}.Debug|Any CPU.Build.0 = Debug|Any CPU
		{819947F4-4696-4B9C-BCE2-B4CAAC7C34B0}.Debug|Any CPU.Deploy.0 = Debug|Any CPU
		{819947F4-4696-4B9C-BCE2-B4CAAC7C34B0}.Debug|ARM.ActiveCfg = Debug|ARM
		{819947F4-4696-4B9C-BCE2-B4CAAC7C34B0}.Debug|ARM.Build.0 = Debug|ARM
		{819947F4-4696-4B9C-BCE2-B4CAAC7C34B0}.Debug|ARM.Deploy.0 = Debug|ARM
		{819947F4-4696-4B9C-BCE2-B4CAAC7C34B0}.Debug|iPhone.ActiveCfg = Debug|Any CPU
		{819947F4-4696-4B9C-BCE2-B4CAAC7C34B0}.Debug|iPhone.Build.0 = Debug|Any CPU
		{819947F4-4696-4B9C-BCE2-B4CAAC7C34B0}.Debug|iPhone.Deploy.0 = Debug|Any CPU
		{819947F4-4696-4B9C-BCE2-B4CAAC7C34B0}.Debug|iPhoneSimulator.ActiveCfg = Debug|Any CPU
		{819947F4-4696-4B9C-BCE2-B4CAAC7C34B0}.Debug|iPhoneSimulator.Build.0 = Debug|Any CPU
		{819947F4-4696-4B9C-BCE2-B4CAAC7C34B0}.Debug|iPhoneSimulator.Deploy.0 = Debug|Any CPU
		{819947F4-4696-4B9C-BCE2-B4CAAC7C34B0}.Debug|x64.ActiveCfg = Debug|x64
		{819947F4-4696-4B9C-BCE2-B4CAAC7C34B0}.Debug|x64.Build.0 = Debug|x64
		{819947F4-4696-4B9C-BCE2-B4CAAC7C34B0}.Debug|x64.Deploy.0 = Debug|x64
		{819947F4-4696-4B9C-BCE2-B4CAAC7C34B0}.Debug|x86.ActiveCfg = Debug|x86
		{819947F4-4696-4B9C-BCE2-B4CAAC7C34B0}.Debug|x86.Build.0 = Debug|x86
		{819947F4-4696-4B9C-BCE2-B4CAAC7C34B0}.Debug|x86.Deploy.0 = Debug|x86
		{819947F4-4696-4B9C-BCE2-B4CAAC7C34B0}.Release|Any CPU.ActiveCfg = Release|Any CPU
		{819947F4-4696-4B9C-BCE2-B4CAAC7C34B0}.Release|Any CPU.Build.0 = Release|Any CPU
		{819947F4-4696-4B9C-BCE2-B4CAAC7C34B0}.Release|Any CPU.Deploy.0 = Release|Any CPU
		{819947F4-4696-4B9C-BCE2-B4CAAC7C34B0}.Release|ARM.ActiveCfg = Release|ARM
		{819947F4-4696-4B9C-BCE2-B4CAAC7C34B0}.Release|ARM.Build.0 = Release|ARM
		{819947F4-4696-4B9C-BCE2-B4CAAC7C34B0}.Release|ARM.Deploy.0 = Release|ARM
		{819947F4-4696-4B9C-BCE2-B4CAAC7C34B0}.Release|iPhone.ActiveCfg = Release|Any CPU
		{819947F4-4696-4B9C-BCE2-B4CAAC7C34B0}.Release|iPhone.Build.0 = Release|Any CPU
		{819947F4-4696-4B9C-BCE2-B4CAAC7C34B0}.Release|iPhone.Deploy.0 = Release|Any CPU
		{819947F4-4696-4B9C-BCE2-B4CAAC7C34B0}.Release|iPhoneSimulator.ActiveCfg = Release|Any CPU
		{819947F4-4696-4B9C-BCE2-B4CAAC7C34B0}.Release|iPhoneSimulator.Build.0 = Release|Any CPU
		{819947F4-4696-4B9C-BCE2-B4CAAC7C34B0}.Release|iPhoneSimulator.Deploy.0 = Release|Any CPU
		{819947F4-4696-4B9C-BCE2-B4CAAC7C34B0}.Release|x64.ActiveCfg = Release|x64
		{819947F4-4696-4B9C-BCE2-B4CAAC7C34B0}.Release|x64.Build.0 = Release|x64
		{819947F4-4696-4B9C-BCE2-B4CAAC7C34B0}.Release|x64.Deploy.0 = Release|x64
		{819947F4-4696-4B9C-BCE2-B4CAAC7C34B0}.Release|x86.ActiveCfg = Release|x86
		{819947F4-4696-4B9C-BCE2-B4CAAC7C34B0}.Release|x86.Build.0 = Release|x86
		{819947F4-4696-4B9C-BCE2-B4CAAC7C34B0}.Release|x86.Deploy.0 = Release|x86
	EndGlobalSection
	GlobalSection(SolutionProperties) = preSolution
		HideSolutionNode = FALSE
	EndGlobalSection
EndGlobal
